{
  "object": {
    "pins": [
      {
        "package": "VFCabbage",
        "repositoryURL": "https://github.com/joeypatino/Cabbage.git",
        "state": {
          "branch": null,
          "revision": "fcb5cb01460cc5c3342ad15d42bdec1d880dae35",
          "version": "0.5.3"
        }
      }
    ]
  },
  "version": 1
}
