{
  "object": {
    "pins": [
      {
        "package": "VFCabbage",
        "repositoryURL": "https://github.com/joeypatino/Cabbage.git",
        "state": {
          "branch": null,
          "revision": "2fbd2e6e0c2b0229367982b8eac2ff7c7b52bd8b",
          "version": "0.5.2"
        }
      }
    ]
  },
  "version": 1
}
