// !$*UTF8*$!
{
	archiveVersion = 1;
	classes = {
	};
	objectVersion = 46;
	objects = {

/* Begin PBXBuildFile section */
		234EF92D2E6C1C4C0368178C /* Pods_Playground.framework in Frameworks */ = {isa = PBXBuildFile; fileRef = 8E9E2C2C11A88A15D4299968 /* Pods_Playground.framework */; };
		607FACD61AFB9204008FA782 /* AppDelegate.swift in Sources */ = {isa = PBXBuildFile; fileRef = 607FACD51AFB9204008FA782 /* AppDelegate.swift */; };
		607FACD81AFB9204008FA782 /* RootViewController.swift in Sources */ = {isa = PBXBuildFile; fileRef = 607FACD71AFB9204008FA782 /* RootViewController.swift */; };
		607FACDD1AFB9204008FA782 /* Assets.xcassets in Resources */ = {isa = PBXBuildFile; fileRef = 607FACDC1AFB9204008FA782 /* Assets.xcassets */; };
		607FACE01AFB9204008FA782 /* LaunchScreen.xib in Resources */ = {isa = PBXBuildFile; fileRef = 607FACDE1AFB9204008FA782 /* LaunchScreen.xib */; };
		607FACEC1AFB9204008FA782 /* Tests.swift in Sources */ = {isa = PBXBuildFile; fileRef = 607FACEB1AFB9204008FA782 /* Tests.swift */; };
		D411149A284E8B1A00D593FD /* VideoEditorPlaygroundViewController.swift in Sources */ = {isa = PBXBuildFile; fileRef = D4111499284E8B1A00D593FD /* VideoEditorPlaygroundViewController.swift */; };
		D41FF58C28513D18006B2688 /* CAAnimationViewController.swift in Sources */ = {isa = PBXBuildFile; fileRef = D41FF58B28513D18006B2688 /* CAAnimationViewController.swift */; };
		D481326E284CD7E2001948F7 /* ModalViewController.swift in Sources */ = {isa = PBXBuildFile; fileRef = D481326D284CD7E2001948F7 /* ModalViewController.swift */; };
		D4813271284CDA57001948F7 /* ModalPresentationViewController.swift in Sources */ = {isa = PBXBuildFile; fileRef = D4813270284CDA57001948F7 /* ModalPresentationViewController.swift */; };
		D4813273284CDB9D001948F7 /* LoadingBannerModalPresentationViewController.swift in Sources */ = {isa = PBXBuildFile; fileRef = D4813272284CDB9D001948F7 /* LoadingBannerModalPresentationViewController.swift */; };
		D4813275284CDDF0001948F7 /* PageIndicatorViewController.swift in Sources */ = {isa = PBXBuildFile; fileRef = D4813274284CDDF0001948F7 /* PageIndicatorViewController.swift */; };
		D4813277284CDEC3001948F7 /* ActionSheetPlaygroundViewController.swift in Sources */ = {isa = PBXBuildFile; fileRef = D4813276284CDEC3001948F7 /* ActionSheetPlaygroundViewController.swift */; };
		D4813279284CDF61001948F7 /* MediaCapturePlaygroundViewController.swift in Sources */ = {isa = PBXBuildFile; fileRef = D4813278284CDF61001948F7 /* MediaCapturePlaygroundViewController.swift */; };
		D4813286284CEE0A001948F7 /* CameraCaptureViewController.swift in Sources */ = {isa = PBXBuildFile; fileRef = D4813285284CEE0A001948F7 /* CameraCaptureViewController.swift */; };
		D4ACCB1A284D147C00DC0425 /* VideoCapturePlaygroundViewController.swift in Sources */ = {isa = PBXBuildFile; fileRef = D4ACCB19284D147C00DC0425 /* VideoCapturePlaygroundViewController.swift */; };
		D4ACCB1E284D23C700DC0425 /* VideoPlayerPlaygroundViewController.swift in Sources */ = {isa = PBXBuildFile; fileRef = D4ACCB1D284D23C700DC0425 /* VideoPlayerPlaygroundViewController.swift */; };
		D4CBA2AB284A515800040CD6 /* SceneDelegate.swift in Sources */ = {isa = PBXBuildFile; fileRef = D4CBA2AA284A515800040CD6 /* SceneDelegate.swift */; };
		D4DEE16F2853679300E56202 /* AudioEditingPlaygroundViewController.swift in Sources */ = {isa = PBXBuildFile; fileRef = D4DEE16E2853679300E56202 /* AudioEditingPlaygroundViewController.swift */; };
		D4DEE17B28536BB600E56202 /* audio_sample_2.aiff in Resources */ = {isa = PBXBuildFile; fileRef = D4DEE17928536BB600E56202 /* audio_sample_2.aiff */; };
		D4DEE17C28536BB600E56202 /* audio_sample_1.mp3 in Resources */ = {isa = PBXBuildFile; fileRef = D4DEE17A28536BB600E56202 /* audio_sample_1.mp3 */; };
		E6CF88126472FDB15F2CBFE3 /* Pods_Tests.framework in Frameworks */ = {isa = PBXBuildFile; fileRef = 4EECF0083534776F348F7C3F /* Pods_Tests.framework */; };
/* End PBXBuildFile section */

/* Begin PBXContainerItemProxy section */
		607FACE61AFB9204008FA782 /* PBXContainerItemProxy */ = {
			isa = PBXContainerItemProxy;
			containerPortal = 607FACC81AFB9204008FA782 /* Project object */;
			proxyType = 1;
			remoteGlobalIDString = 607FACCF1AFB9204008FA782;
			remoteInfo = Core;
		};
/* End PBXContainerItemProxy section */

/* Begin PBXFileReference section */
		1F379E7B44E799402BA7F98C /* Pods-Core_Tests.release.xcconfig */ = {isa = PBXFileReference; includeInIndex = 1; lastKnownFileType = text.xcconfig; name = "Pods-Core_Tests.release.xcconfig"; path = "Target Support Files/Pods-Core_Tests/Pods-Core_Tests.release.xcconfig"; sourceTree = "<group>"; };
		24C1A9F9B50495CCF076CF6C /* Pods-CoreTests.debug.xcconfig */ = {isa = PBXFileReference; includeInIndex = 1; lastKnownFileType = text.xcconfig; name = "Pods-CoreTests.debug.xcconfig"; path = "Target Support Files/Pods-CoreTests/Pods-CoreTests.debug.xcconfig"; sourceTree = "<group>"; };
		34B558E4B416F2061E5EBC43 /* README.md */ = {isa = PBXFileReference; includeInIndex = 1; lastKnownFileType = net.daringfireball.markdown; name = README.md; path = ../README.md; sourceTree = "<group>"; };
		373DDF658DE790A28A00BFA1 /* Pods-CoreTests.release.xcconfig */ = {isa = PBXFileReference; includeInIndex = 1; lastKnownFileType = text.xcconfig; name = "Pods-CoreTests.release.xcconfig"; path = "Target Support Files/Pods-CoreTests/Pods-CoreTests.release.xcconfig"; sourceTree = "<group>"; };
		44AE7A3CC8FC6A072BA46CE9 /* Core.podspec */ = {isa = PBXFileReference; includeInIndex = 1; lastKnownFileType = text; name = Core.podspec; path = ../Core.podspec; sourceTree = "<group>"; xcLanguageSpecificationIdentifier = xcode.lang.ruby; };
		4E22B6CF602A5609A5C05325 /* Pods-Tests.release.xcconfig */ = {isa = PBXFileReference; includeInIndex = 1; lastKnownFileType = text.xcconfig; name = "Pods-Tests.release.xcconfig"; path = "Target Support Files/Pods-Tests/Pods-Tests.release.xcconfig"; sourceTree = "<group>"; };
		4EECF0083534776F348F7C3F /* Pods_Tests.framework */ = {isa = PBXFileReference; explicitFileType = wrapper.framework; includeInIndex = 0; path = Pods_Tests.framework; sourceTree = BUILT_PRODUCTS_DIR; };
		607FACD01AFB9204008FA782 /* Playground.app */ = {isa = PBXFileReference; explicitFileType = wrapper.application; includeInIndex = 0; path = Playground.app; sourceTree = BUILT_PRODUCTS_DIR; };
		607FACD41AFB9204008FA782 /* Info.plist */ = {isa = PBXFileReference; lastKnownFileType = text.plist.xml; path = Info.plist; sourceTree = "<group>"; };
		607FACD51AFB9204008FA782 /* AppDelegate.swift */ = {isa = PBXFileReference; lastKnownFileType = sourcecode.swift; path = AppDelegate.swift; sourceTree = "<group>"; };
		607FACD71AFB9204008FA782 /* RootViewController.swift */ = {isa = PBXFileReference; lastKnownFileType = sourcecode.swift; path = RootViewController.swift; sourceTree = "<group>"; };
		607FACDC1AFB9204008FA782 /* Assets.xcassets */ = {isa = PBXFileReference; lastKnownFileType = folder.assetcatalog; path = Assets.xcassets; sourceTree = "<group>"; };
		607FACDF1AFB9204008FA782 /* Base */ = {isa = PBXFileReference; lastKnownFileType = file.xib; name = Base; path = Base.lproj/LaunchScreen.xib; sourceTree = "<group>"; };
		607FACE51AFB9204008FA782 /* Tests.xctest */ = {isa = PBXFileReference; explicitFileType = wrapper.cfbundle; includeInIndex = 0; path = Tests.xctest; sourceTree = BUILT_PRODUCTS_DIR; };
		607FACEA1AFB9204008FA782 /* Info.plist */ = {isa = PBXFileReference; lastKnownFileType = text.plist.xml; path = Info.plist; sourceTree = "<group>"; };
		607FACEB1AFB9204008FA782 /* Tests.swift */ = {isa = PBXFileReference; lastKnownFileType = sourcecode.swift; path = Tests.swift; sourceTree = "<group>"; };
		610929AE17619160428A861E /* Pods-Tests.debug.xcconfig */ = {isa = PBXFileReference; includeInIndex = 1; lastKnownFileType = text.xcconfig; name = "Pods-Tests.debug.xcconfig"; path = "Target Support Files/Pods-Tests/Pods-Tests.debug.xcconfig"; sourceTree = "<group>"; };
		8E9E2C2C11A88A15D4299968 /* Pods_Playground.framework */ = {isa = PBXFileReference; explicitFileType = wrapper.framework; includeInIndex = 0; path = Pods_Playground.framework; sourceTree = BUILT_PRODUCTS_DIR; };
		A2B13ED6377C79E5364E9B28 /* Pods-Playground.release.xcconfig */ = {isa = PBXFileReference; includeInIndex = 1; lastKnownFileType = text.xcconfig; name = "Pods-Playground.release.xcconfig"; path = "Target Support Files/Pods-Playground/Pods-Playground.release.xcconfig"; sourceTree = "<group>"; };
		B8FED4338D56BDD609E8F929 /* Pods-Core_Example.release.xcconfig */ = {isa = PBXFileReference; includeInIndex = 1; lastKnownFileType = text.xcconfig; name = "Pods-Core_Example.release.xcconfig"; path = "Target Support Files/Pods-Core_Example/Pods-Core_Example.release.xcconfig"; sourceTree = "<group>"; };
		CACFB25EE2758D54181A2A1B /* Pods-Core_Tests.debug.xcconfig */ = {isa = PBXFileReference; includeInIndex = 1; lastKnownFileType = text.xcconfig; name = "Pods-Core_Tests.debug.xcconfig"; path = "Target Support Files/Pods-Core_Tests/Pods-Core_Tests.debug.xcconfig"; sourceTree = "<group>"; };
		D4111499284E8B1A00D593FD /* VideoEditorPlaygroundViewController.swift */ = {isa = PBXFileReference; lastKnownFileType = sourcecode.swift; path = VideoEditorPlaygroundViewController.swift; sourceTree = "<group>"; };
		D41FF58B28513D18006B2688 /* CAAnimationViewController.swift */ = {isa = PBXFileReference; lastKnownFileType = sourcecode.swift; path = CAAnimationViewController.swift; sourceTree = "<group>"; };
		D481326D284CD7E2001948F7 /* ModalViewController.swift */ = {isa = PBXFileReference; lastKnownFileType = sourcecode.swift; path = ModalViewController.swift; sourceTree = "<group>"; };
		D4813270284CDA57001948F7 /* ModalPresentationViewController.swift */ = {isa = PBXFileReference; lastKnownFileType = sourcecode.swift; path = ModalPresentationViewController.swift; sourceTree = "<group>"; };
		D4813272284CDB9D001948F7 /* LoadingBannerModalPresentationViewController.swift */ = {isa = PBXFileReference; lastKnownFileType = sourcecode.swift; path = LoadingBannerModalPresentationViewController.swift; sourceTree = "<group>"; };
		D4813274284CDDF0001948F7 /* PageIndicatorViewController.swift */ = {isa = PBXFileReference; lastKnownFileType = sourcecode.swift; path = PageIndicatorViewController.swift; sourceTree = "<group>"; };
		D4813276284CDEC3001948F7 /* ActionSheetPlaygroundViewController.swift */ = {isa = PBXFileReference; lastKnownFileType = sourcecode.swift; path = ActionSheetPlaygroundViewController.swift; sourceTree = "<group>"; };
		D4813278284CDF61001948F7 /* MediaCapturePlaygroundViewController.swift */ = {isa = PBXFileReference; lastKnownFileType = sourcecode.swift; path = MediaCapturePlaygroundViewController.swift; sourceTree = "<group>"; };
		D4813285284CEE0A001948F7 /* CameraCaptureViewController.swift */ = {isa = PBXFileReference; lastKnownFileType = sourcecode.swift; path = CameraCaptureViewController.swift; sourceTree = "<group>"; };
		D4ACCB19284D147C00DC0425 /* VideoCapturePlaygroundViewController.swift */ = {isa = PBXFileReference; lastKnownFileType = sourcecode.swift; path = VideoCapturePlaygroundViewController.swift; sourceTree = "<group>"; };
		D4ACCB1D284D23C700DC0425 /* VideoPlayerPlaygroundViewController.swift */ = {isa = PBXFileReference; lastKnownFileType = sourcecode.swift; path = VideoPlayerPlaygroundViewController.swift; sourceTree = "<group>"; };
		D4CBA2AA284A515800040CD6 /* SceneDelegate.swift */ = {isa = PBXFileReference; lastKnownFileType = sourcecode.swift; path = SceneDelegate.swift; sourceTree = "<group>"; };
		D4DEE16E2853679300E56202 /* AudioEditingPlaygroundViewController.swift */ = {isa = PBXFileReference; lastKnownFileType = sourcecode.swift; path = AudioEditingPlaygroundViewController.swift; sourceTree = "<group>"; };
		D4DEE17928536BB600E56202 /* audio_sample_2.aiff */ = {isa = PBXFileReference; lastKnownFileType = audio.aiff; path = audio_sample_2.aiff; sourceTree = "<group>"; };
		D4DEE17A28536BB600E56202 /* audio_sample_1.mp3 */ = {isa = PBXFileReference; lastKnownFileType = audio.mp3; path = audio_sample_1.mp3; sourceTree = "<group>"; };
		DCC3EBA1F8C3A960D48BBA53 /* Pods-Playground.debug.xcconfig */ = {isa = PBXFileReference; includeInIndex = 1; lastKnownFileType = text.xcconfig; name = "Pods-Playground.debug.xcconfig"; path = "Target Support Files/Pods-Playground/Pods-Playground.debug.xcconfig"; sourceTree = "<group>"; };
		E293F0C81642178801B13DFB /* LICENSE */ = {isa = PBXFileReference; includeInIndex = 1; lastKnownFileType = text; name = LICENSE; path = ../LICENSE; sourceTree = "<group>"; };
		F605849F130B762D8D9510AC /* Pods-Core_Example.debug.xcconfig */ = {isa = PBXFileReference; includeInIndex = 1; lastKnownFileType = text.xcconfig; name = "Pods-Core_Example.debug.xcconfig"; path = "Target Support Files/Pods-Core_Example/Pods-Core_Example.debug.xcconfig"; sourceTree = "<group>"; };
/* End PBXFileReference section */

/* Begin PBXFrameworksBuildPhase section */
		607FACCD1AFB9204008FA782 /* Frameworks */ = {
			isa = PBXFrameworksBuildPhase;
			buildActionMask = 2147483647;
			files = (
				234EF92D2E6C1C4C0368178C /* Pods_Playground.framework in Frameworks */,
			);
			runOnlyForDeploymentPostprocessing = 0;
		};
		607FACE21AFB9204008FA782 /* Frameworks */ = {
			isa = PBXFrameworksBuildPhase;
			buildActionMask = 2147483647;
			files = (
				E6CF88126472FDB15F2CBFE3 /* Pods_Tests.framework in Frameworks */,
			);
			runOnlyForDeploymentPostprocessing = 0;
		};
/* End PBXFrameworksBuildPhase section */

/* Begin PBXGroup section */
		5B49995873BF61A2F7B169CF /* Pods */ = {
			isa = PBXGroup;
			children = (
				F605849F130B762D8D9510AC /* Pods-Core_Example.debug.xcconfig */,
				B8FED4338D56BDD609E8F929 /* Pods-Core_Example.release.xcconfig */,
				CACFB25EE2758D54181A2A1B /* Pods-Core_Tests.debug.xcconfig */,
				1F379E7B44E799402BA7F98C /* Pods-Core_Tests.release.xcconfig */,
				24C1A9F9B50495CCF076CF6C /* Pods-CoreTests.debug.xcconfig */,
				373DDF658DE790A28A00BFA1 /* Pods-CoreTests.release.xcconfig */,
				DCC3EBA1F8C3A960D48BBA53 /* Pods-Playground.debug.xcconfig */,
				A2B13ED6377C79E5364E9B28 /* Pods-Playground.release.xcconfig */,
				610929AE17619160428A861E /* Pods-Tests.debug.xcconfig */,
				4E22B6CF602A5609A5C05325 /* Pods-Tests.release.xcconfig */,
			);
			path = Pods;
			sourceTree = "<group>";
		};
		607FACC71AFB9204008FA782 = {
			isa = PBXGroup;
			children = (
				607FACF51AFB993E008FA782 /* Podspec Metadata */,
				607FACD21AFB9204008FA782 /* Playground */,
				607FACE81AFB9204008FA782 /* Tests */,
				607FACD11AFB9204008FA782 /* Products */,
				5B49995873BF61A2F7B169CF /* Pods */,
				F41CCEF919F0137F554C4579 /* Frameworks */,
			);
			sourceTree = "<group>";
		};
		607FACD11AFB9204008FA782 /* Products */ = {
			isa = PBXGroup;
			children = (
				607FACD01AFB9204008FA782 /* Playground.app */,
				607FACE51AFB9204008FA782 /* Tests.xctest */,
			);
			name = Products;
			sourceTree = "<group>";
		};
		607FACD21AFB9204008FA782 /* Playground */ = {
			isa = PBXGroup;
			children = (
				D481326F284CD9A7001948F7 /* Modules */,
				607FACD51AFB9204008FA782 /* AppDelegate.swift */,
				D4CBA2AA284A515800040CD6 /* SceneDelegate.swift */,
				607FACD71AFB9204008FA782 /* RootViewController.swift */,
				D481326D284CD7E2001948F7 /* ModalViewController.swift */,
				D4DEE17A28536BB600E56202 /* audio_sample_1.mp3 */,
				D4DEE17928536BB600E56202 /* audio_sample_2.aiff */,
				607FACDC1AFB9204008FA782 /* Assets.xcassets */,
				607FACDE1AFB9204008FA782 /* LaunchScreen.xib */,
				607FACD41AFB9204008FA782 /* Info.plist */,
			);
			path = Playground;
			sourceTree = "<group>";
		};
		607FACE81AFB9204008FA782 /* Tests */ = {
			isa = PBXGroup;
			children = (
				607FACEB1AFB9204008FA782 /* Tests.swift */,
				607FACE91AFB9204008FA782 /* Supporting Files */,
			);
			path = Tests;
			sourceTree = "<group>";
		};
		607FACE91AFB9204008FA782 /* Supporting Files */ = {
			isa = PBXGroup;
			children = (
				607FACEA1AFB9204008FA782 /* Info.plist */,
			);
			name = "Supporting Files";
			sourceTree = "<group>";
		};
		607FACF51AFB993E008FA782 /* Podspec Metadata */ = {
			isa = PBXGroup;
			children = (
				44AE7A3CC8FC6A072BA46CE9 /* Core.podspec */,
				34B558E4B416F2061E5EBC43 /* README.md */,
				E293F0C81642178801B13DFB /* LICENSE */,
			);
			name = "Podspec Metadata";
			sourceTree = "<group>";
		};
		D481326F284CD9A7001948F7 /* Modules */ = {
			isa = PBXGroup;
			children = (
				D4813270284CDA57001948F7 /* ModalPresentationViewController.swift */,
				D4813272284CDB9D001948F7 /* LoadingBannerModalPresentationViewController.swift */,
				D4813274284CDDF0001948F7 /* PageIndicatorViewController.swift */,
				D4813276284CDEC3001948F7 /* ActionSheetPlaygroundViewController.swift */,
				D4813278284CDF61001948F7 /* MediaCapturePlaygroundViewController.swift */,
				D4813285284CEE0A001948F7 /* CameraCaptureViewController.swift */,
				D4ACCB1D284D23C700DC0425 /* VideoPlayerPlaygroundViewController.swift */,
				D4ACCB19284D147C00DC0425 /* VideoCapturePlaygroundViewController.swift */,
				D4111499284E8B1A00D593FD /* VideoEditorPlaygroundViewController.swift */,
				D41FF58B28513D18006B2688 /* CAAnimationViewController.swift */,
				D4DEE16E2853679300E56202 /* AudioEditingPlaygroundViewController.swift */,
			);
			path = Modules;
			sourceTree = "<group>";
		};
		F41CCEF919F0137F554C4579 /* Frameworks */ = {
			isa = PBXGroup;
			children = (
				8E9E2C2C11A88A15D4299968 /* Pods_Playground.framework */,
				4EECF0083534776F348F7C3F /* Pods_Tests.framework */,
			);
			name = Frameworks;
			sourceTree = "<group>";
		};
/* End PBXGroup section */

/* Begin PBXNativeTarget section */
		607FACCF1AFB9204008FA782 /* Playground */ = {
			isa = PBXNativeTarget;
			buildConfigurationList = 607FACEF1AFB9204008FA782 /* Build configuration list for PBXNativeTarget "Playground" */;
			buildPhases = (
				E3F1A2BBB8297913831D0BAD /* [CP] Check Pods Manifest.lock */,
				607FACCC1AFB9204008FA782 /* Sources */,
				607FACCD1AFB9204008FA782 /* Frameworks */,
				607FACCE1AFB9204008FA782 /* Resources */,
				63FEC271E676A77ADE48FB64 /* [CP] Embed Pods Frameworks */,
			);
			buildRules = (
			);
			dependencies = (
			);
			name = Playground;
			productName = Core;
			productReference = 607FACD01AFB9204008FA782 /* Playground.app */;
			productType = "com.apple.product-type.application";
		};
		607FACE41AFB9204008FA782 /* Tests */ = {
			isa = PBXNativeTarget;
			buildConfigurationList = 607FACF21AFB9204008FA782 /* Build configuration list for PBXNativeTarget "Tests" */;
			buildPhases = (
				75AEE0BAAC18EA1CD03919AA /* [CP] Check Pods Manifest.lock */,
				607FACE11AFB9204008FA782 /* Sources */,
				607FACE21AFB9204008FA782 /* Frameworks */,
				607FACE31AFB9204008FA782 /* Resources */,
				2025C4868F3776E50C5D743B /* [CP] Embed Pods Frameworks */,
			);
			buildRules = (
			);
			dependencies = (
				607FACE71AFB9204008FA782 /* PBXTargetDependency */,
			);
			name = Tests;
			productName = Tests;
			productReference = 607FACE51AFB9204008FA782 /* Tests.xctest */;
			productType = "com.apple.product-type.bundle.unit-test";
		};
/* End PBXNativeTarget section */

/* Begin PBXProject section */
		607FACC81AFB9204008FA782 /* Project object */ = {
			isa = PBXProject;
			attributes = {
				LastSwiftUpdateCheck = 0830;
				LastUpgradeCheck = 1330;
				ORGANIZATIONNAME = CocoaPods;
				TargetAttributes = {
					607FACCF1AFB9204008FA782 = {
						CreatedOnToolsVersion = 6.3.1;
						DevelopmentTeam = 6C6HU52U6Y;
						LastSwiftMigration = 0900;
					};
					607FACE41AFB9204008FA782 = {
						CreatedOnToolsVersion = 6.3.1;
						DevelopmentTeam = 6C6HU52U6Y;
						LastSwiftMigration = 0900;
						TestTargetID = 607FACCF1AFB9204008FA782;
					};
				};
			};
			buildConfigurationList = 607FACCB1AFB9204008FA782 /* Build configuration list for PBXProject "Core" */;
			compatibilityVersion = "Xcode 3.2";
			developmentRegion = en;
			hasScannedForEncodings = 0;
			knownRegions = (
				en,
				Base,
			);
			mainGroup = 607FACC71AFB9204008FA782;
			productRefGroup = 607FACD11AFB9204008FA782 /* Products */;
			projectDirPath = "";
			projectRoot = "";
			targets = (
				607FACCF1AFB9204008FA782 /* Playground */,
				607FACE41AFB9204008FA782 /* Tests */,
			);
		};
/* End PBXProject section */

/* Begin PBXResourcesBuildPhase section */
		607FACCE1AFB9204008FA782 /* Resources */ = {
			isa = PBXResourcesBuildPhase;
			buildActionMask = 2147483647;
			files = (
				D4DEE17B28536BB600E56202 /* audio_sample_2.aiff in Resources */,
				607FACE01AFB9204008FA782 /* LaunchScreen.xib in Resources */,
				607FACDD1AFB9204008FA782 /* Assets.xcassets in Resources */,
				D4DEE17C28536BB600E56202 /* audio_sample_1.mp3 in Resources */,
			);
			runOnlyForDeploymentPostprocessing = 0;
		};
		607FACE31AFB9204008FA782 /* Resources */ = {
			isa = PBXResourcesBuildPhase;
			buildActionMask = 2147483647;
			files = (
			);
			runOnlyForDeploymentPostprocessing = 0;
		};
/* End PBXResourcesBuildPhase section */

/* Begin PBXShellScriptBuildPhase section */
		2025C4868F3776E50C5D743B /* [CP] Embed Pods Frameworks */ = {
			isa = PBXShellScriptBuildPhase;
			buildActionMask = 2147483647;
			files = (
			);
			inputPaths = (
				"${PODS_ROOT}/Target Support Files/Pods-Tests/Pods-Tests-frameworks.sh",
				"${BUILT_PRODUCTS_DIR}/FBSnapshotTestCase/FBSnapshotTestCase.framework",
			);
			name = "[CP] Embed Pods Frameworks";
			outputPaths = (
				"${TARGET_BUILD_DIR}/${FRAMEWORKS_FOLDER_PATH}/FBSnapshotTestCase.framework",
			);
			runOnlyForDeploymentPostprocessing = 0;
			shellPath = /bin/sh;
			shellScript = "\"${PODS_ROOT}/Target Support Files/Pods-Tests/Pods-Tests-frameworks.sh\"\n";
			showEnvVarsInLog = 0;
		};
		63FEC271E676A77ADE48FB64 /* [CP] Embed Pods Frameworks */ = {
			isa = PBXShellScriptBuildPhase;
			buildActionMask = 2147483647;
			files = (
			);
			inputPaths = (
				"${PODS_ROOT}/Target Support Files/Pods-Playground/Pods-Playground-frameworks.sh",
				"${BUILT_PRODUCTS_DIR}/Core/Core.framework",
				"${BUILT_PRODUCTS_DIR}/MTTransitions/MTTransitions.framework",
				"${BUILT_PRODUCTS_DIR}/MetalPetal/MetalPetal.framework",
				"${BUILT_PRODUCTS_DIR}/VideoLab/VideoLab.framework",
			);
			name = "[CP] Embed Pods Frameworks";
			outputPaths = (
				"${TARGET_BUILD_DIR}/${FRAMEWORKS_FOLDER_PATH}/Core.framework",
				"${TARGET_BUILD_DIR}/${FRAMEWORKS_FOLDER_PATH}/MTTransitions.framework",
				"${TARGET_BUILD_DIR}/${FRAMEWORKS_FOLDER_PATH}/MetalPetal.framework",
				"${TARGET_BUILD_DIR}/${FRAMEWORKS_FOLDER_PATH}/VideoLab.framework",
			);
			runOnlyForDeploymentPostprocessing = 0;
			shellPath = /bin/sh;
			shellScript = "\"${PODS_ROOT}/Target Support Files/Pods-Playground/Pods-Playground-frameworks.sh\"\n";
			showEnvVarsInLog = 0;
		};
		75AEE0BAAC18EA1CD03919AA /* [CP] Check Pods Manifest.lock */ = {
			isa = PBXShellScriptBuildPhase;
			buildActionMask = 2147483647;
			files = (
			);
			inputFileListPaths = (
			);
			inputPaths = (
				"${PODS_PODFILE_DIR_PATH}/Podfile.lock",
				"${PODS_ROOT}/Manifest.lock",
			);
			name = "[CP] Check Pods Manifest.lock";
			outputFileListPaths = (
			);
			outputPaths = (
				"$(DERIVED_FILE_DIR)/Pods-Tests-checkManifestLockResult.txt",
			);
			runOnlyForDeploymentPostprocessing = 0;
			shellPath = /bin/sh;
			shellScript = "diff \"${PODS_PODFILE_DIR_PATH}/Podfile.lock\" \"${PODS_ROOT}/Manifest.lock\" > /dev/null\nif [ $? != 0 ] ; then\n    # print error to STDERR\n    echo \"error: The sandbox is not in sync with the Podfile.lock. Run 'pod install' or update your CocoaPods installation.\" >&2\n    exit 1\nfi\n# This output is used by Xcode 'outputs' to avoid re-running this script phase.\necho \"SUCCESS\" > \"${SCRIPT_OUTPUT_FILE_0}\"\n";
			showEnvVarsInLog = 0;
		};
		E3F1A2BBB8297913831D0BAD /* [CP] Check Pods Manifest.lock */ = {
			isa = PBXShellScriptBuildPhase;
			buildActionMask = 2147483647;
			files = (
			);
			inputFileListPaths = (
			);
			inputPaths = (
				"${PODS_PODFILE_DIR_PATH}/Podfile.lock",
				"${PODS_ROOT}/Manifest.lock",
			);
			name = "[CP] Check Pods Manifest.lock";
			outputFileListPaths = (
			);
			outputPaths = (
				"$(DERIVED_FILE_DIR)/Pods-Playground-checkManifestLockResult.txt",
			);
			runOnlyForDeploymentPostprocessing = 0;
			shellPath = /bin/sh;
			shellScript = "diff \"${PODS_PODFILE_DIR_PATH}/Podfile.lock\" \"${PODS_ROOT}/Manifest.lock\" > /dev/null\nif [ $? != 0 ] ; then\n    # print error to STDERR\n    echo \"error: The sandbox is not in sync with the Podfile.lock. Run 'pod install' or update your CocoaPods installation.\" >&2\n    exit 1\nfi\n# This output is used by Xcode 'outputs' to avoid re-running this script phase.\necho \"SUCCESS\" > \"${SCRIPT_OUTPUT_FILE_0}\"\n";
			showEnvVarsInLog = 0;
		};
/* End PBXShellScriptBuildPhase section */

/* Begin PBXSourcesBuildPhase section */
		607FACCC1AFB9204008FA782 /* Sources */ = {
			isa = PBXSourcesBuildPhase;
			buildActionMask = 2147483647;
			files = (
				D4ACCB1A284D147C00DC0425 /* VideoCapturePlaygroundViewController.swift in Sources */,
				D411149A284E8B1A00D593FD /* VideoEditorPlaygroundViewController.swift in Sources */,
				D4813279284CDF61001948F7 /* MediaCapturePlaygroundViewController.swift in Sources */,
				D4813277284CDEC3001948F7 /* ActionSheetPlaygroundViewController.swift in Sources */,
				D481326E284CD7E2001948F7 /* ModalViewController.swift in Sources */,
				D4DEE16F2853679300E56202 /* AudioEditingPlaygroundViewController.swift in Sources */,
				D41FF58C28513D18006B2688 /* CAAnimationViewController.swift in Sources */,
				607FACD81AFB9204008FA782 /* RootViewController.swift in Sources */,
				D4ACCB1E284D23C700DC0425 /* VideoPlayerPlaygroundViewController.swift in Sources */,
				D4813286284CEE0A001948F7 /* CameraCaptureViewController.swift in Sources */,
				607FACD61AFB9204008FA782 /* AppDelegate.swift in Sources */,
				D4813273284CDB9D001948F7 /* LoadingBannerModalPresentationViewController.swift in Sources */,
				D4CBA2AB284A515800040CD6 /* SceneDelegate.swift in Sources */,
				D4813275284CDDF0001948F7 /* PageIndicatorViewController.swift in Sources */,
				D4813271284CDA57001948F7 /* ModalPresentationViewController.swift in Sources */,
			);
			runOnlyForDeploymentPostprocessing = 0;
		};
		607FACE11AFB9204008FA782 /* Sources */ = {
			isa = PBXSourcesBuildPhase;
			buildActionMask = 2147483647;
			files = (
				607FACEC1AFB9204008FA782 /* Tests.swift in Sources */,
			);
			runOnlyForDeploymentPostprocessing = 0;
		};
/* End PBXSourcesBuildPhase section */

/* Begin PBXTargetDependency section */
		607FACE71AFB9204008FA782 /* PBXTargetDependency */ = {
			isa = PBXTargetDependency;
			target = 607FACCF1AFB9204008FA782 /* Playground */;
			targetProxy = 607FACE61AFB9204008FA782 /* PBXContainerItemProxy */;
		};
/* End PBXTargetDependency section */

/* Begin PBXVariantGroup section */
		607FACDE1AFB9204008FA782 /* LaunchScreen.xib */ = {
			isa = PBXVariantGroup;
			children = (
				607FACDF1AFB9204008FA782 /* Base */,
			);
			name = LaunchScreen.xib;
			sourceTree = "<group>";
		};
/* End PBXVariantGroup section */

/* Begin XCBuildConfiguration section */
		607FACED1AFB9204008FA782 /* Debug */ = {
			isa = XCBuildConfiguration;
			buildSettings = {
				ALWAYS_SEARCH_USER_PATHS = NO;
				CLANG_ANALYZER_LOCALIZABILITY_NONLOCALIZED = YES;
				CLANG_CXX_LANGUAGE_STANDARD = "gnu++0x";
				CLANG_CXX_LIBRARY = "libc++";
				CLANG_ENABLE_MODULES = YES;
				CLANG_ENABLE_OBJC_ARC = YES;
				CLANG_WARN_BLOCK_CAPTURE_AUTORELEASING = YES;
				CLANG_WARN_BOOL_CONVERSION = YES;
				CLANG_WARN_COMMA = YES;
				CLANG_WARN_CONSTANT_CONVERSION = YES;
				CLANG_WARN_DEPRECATED_OBJC_IMPLEMENTATIONS = YES;
				CLANG_WARN_DIRECT_OBJC_ISA_USAGE = YES_ERROR;
				CLANG_WARN_EMPTY_BODY = YES;
				CLANG_WARN_ENUM_CONVERSION = YES;
				CLANG_WARN_INFINITE_RECURSION = YES;
				CLANG_WARN_INT_CONVERSION = YES;
				CLANG_WARN_NON_LITERAL_NULL_CONVERSION = YES;
				CLANG_WARN_OBJC_IMPLICIT_RETAIN_SELF = YES;
				CLANG_WARN_OBJC_LITERAL_CONVERSION = YES;
				CLANG_WARN_OBJC_ROOT_CLASS = YES_ERROR;
				CLANG_WARN_QUOTED_INCLUDE_IN_FRAMEWORK_HEADER = YES;
				CLANG_WARN_RANGE_LOOP_ANALYSIS = YES;
				CLANG_WARN_STRICT_PROTOTYPES = YES;
				CLANG_WARN_SUSPICIOUS_MOVE = YES;
				CLANG_WARN_UNREACHABLE_CODE = YES;
				CLANG_WARN__DUPLICATE_METHOD_MATCH = YES;
				"CODE_SIGN_IDENTITY[sdk=iphoneos*]" = "iPhone Developer";
				COPY_PHASE_STRIP = NO;
				DEBUG_INFORMATION_FORMAT = "dwarf-with-dsym";
				ENABLE_STRICT_OBJC_MSGSEND = YES;
				ENABLE_TESTABILITY = YES;
				GCC_C_LANGUAGE_STANDARD = gnu99;
				GCC_DYNAMIC_NO_PIC = NO;
				GCC_NO_COMMON_BLOCKS = YES;
				GCC_OPTIMIZATION_LEVEL = 0;
				GCC_PREPROCESSOR_DEFINITIONS = (
					"DEBUG=1",
					"$(inherited)",
				);
				GCC_SYMBOLS_PRIVATE_EXTERN = NO;
				GCC_WARN_64_TO_32_BIT_CONVERSION = YES;
				GCC_WARN_ABOUT_RETURN_TYPE = YES_ERROR;
				GCC_WARN_UNDECLARED_SELECTOR = YES;
				GCC_WARN_UNINITIALIZED_AUTOS = YES_AGGRESSIVE;
				GCC_WARN_UNUSED_FUNCTION = YES;
				GCC_WARN_UNUSED_VARIABLE = YES;
				IPHONEOS_DEPLOYMENT_TARGET = 15.4;
				MTL_ENABLE_DEBUG_INFO = YES;
				ONLY_ACTIVE_ARCH = YES;
				SDKROOT = iphoneos;
				SWIFT_OPTIMIZATION_LEVEL = "-Onone";
			};
			name = Debug;
		};
		607FACEE1AFB9204008FA782 /* Release */ = {
			isa = XCBuildConfiguration;
			buildSettings = {
				ALWAYS_SEARCH_USER_PATHS = NO;
				CLANG_ANALYZER_LOCALIZABILITY_NONLOCALIZED = YES;
				CLANG_CXX_LANGUAGE_STANDARD = "gnu++0x";
				CLANG_CXX_LIBRARY = "libc++";
				CLANG_ENABLE_MODULES = YES;
				CLANG_ENABLE_OBJC_ARC = YES;
				CLANG_WARN_BLOCK_CAPTURE_AUTORELEASING = YES;
				CLANG_WARN_BOOL_CONVERSION = YES;
				CLANG_WARN_COMMA = YES;
				CLANG_WARN_CONSTANT_CONVERSION = YES;
				CLANG_WARN_DEPRECATED_OBJC_IMPLEMENTATIONS = YES;
				CLANG_WARN_DIRECT_OBJC_ISA_USAGE = YES_ERROR;
				CLANG_WARN_EMPTY_BODY = YES;
				CLANG_WARN_ENUM_CONVERSION = YES;
				CLANG_WARN_INFINITE_RECURSION = YES;
				CLANG_WARN_INT_CONVERSION = YES;
				CLANG_WARN_NON_LITERAL_NULL_CONVERSION = YES;
				CLANG_WARN_OBJC_IMPLICIT_RETAIN_SELF = YES;
				CLANG_WARN_OBJC_LITERAL_CONVERSION = YES;
				CLANG_WARN_OBJC_ROOT_CLASS = YES_ERROR;
				CLANG_WARN_QUOTED_INCLUDE_IN_FRAMEWORK_HEADER = YES;
				CLANG_WARN_RANGE_LOOP_ANALYSIS = YES;
				CLANG_WARN_STRICT_PROTOTYPES = YES;
				CLANG_WARN_SUSPICIOUS_MOVE = YES;
				CLANG_WARN_UNREACHABLE_CODE = YES;
				CLANG_WARN__DUPLICATE_METHOD_MATCH = YES;
				"CODE_SIGN_IDENTITY[sdk=iphoneos*]" = "iPhone Developer";
				COPY_PHASE_STRIP = NO;
				DEBUG_INFORMATION_FORMAT = "dwarf-with-dsym";
				ENABLE_NS_ASSERTIONS = NO;
				ENABLE_STRICT_OBJC_MSGSEND = YES;
				GCC_C_LANGUAGE_STANDARD = gnu99;
				GCC_NO_COMMON_BLOCKS = YES;
				GCC_WARN_64_TO_32_BIT_CONVERSION = YES;
				GCC_WARN_ABOUT_RETURN_TYPE = YES_ERROR;
				GCC_WARN_UNDECLARED_SELECTOR = YES;
				GCC_WARN_UNINITIALIZED_AUTOS = YES_AGGRESSIVE;
				GCC_WARN_UNUSED_FUNCTION = YES;
				GCC_WARN_UNUSED_VARIABLE = YES;
				IPHONEOS_DEPLOYMENT_TARGET = 15.4;
				MTL_ENABLE_DEBUG_INFO = NO;
				SDKROOT = iphoneos;
				SWIFT_OPTIMIZATION_LEVEL = "-Owholemodule";
				VALIDATE_PRODUCT = YES;
			};
			name = Release;
		};
		607FACF01AFB9204008FA782 /* Debug */ = {
			isa = XCBuildConfiguration;
			baseConfigurationReference = DCC3EBA1F8C3A960D48BBA53 /* Pods-Playground.debug.xcconfig */;
			buildSettings = {
				ASSETCATALOG_COMPILER_APPICON_NAME = AppIcon;
				CURRENT_PROJECT_VERSION = 1;
				DEVELOPMENT_TEAM = 6C6HU52U6Y;
				GENERATE_INFOPLIST_FILE = YES;
				INFOPLIST_FILE = Playground/Info.plist;
				INFOPLIST_KEY_UIApplicationSupportsIndirectInputEvents = YES;
				INFOPLIST_KEY_UILaunchStoryboardName = LaunchScreen;
				INFOPLIST_KEY_UISupportedInterfaceOrientations = UIInterfaceOrientationPortrait;
				INFOPLIST_KEY_UISupportedInterfaceOrientations_iPad = "UIInterfaceOrientationPortrait UIInterfaceOrientationPortraitUpsideDown UIInterfaceOrientationLandscapeLeft UIInterfaceOrientationLandscapeRight";
				INFOPLIST_KEY_UISupportedInterfaceOrientations_iPhone = "UIInterfaceOrientationPortrait UIInterfaceOrientationLandscapeLeft UIInterfaceOrientationLandscapeRight";
				IPHONEOS_DEPLOYMENT_TARGET = 13.0;
				LD_RUNPATH_SEARCH_PATHS = "$(inherited) @executable_path/Frameworks";
				MARKETING_VERSION = 1.0.0;
				MODULE_NAME = ExampleApp;
				PRODUCT_BUNDLE_IDENTIFIER = com.joeypatino.core.playground;
				PRODUCT_NAME = "$(TARGET_NAME)";
				SWIFT_SWIFT3_OBJC_INFERENCE = Default;
				SWIFT_VERSION = 5.0;
			};
			name = Debug;
		};
		607FACF11AFB9204008FA782 /* Release */ = {
			isa = XCBuildConfiguration;
			baseConfigurationReference = A2B13ED6377C79E5364E9B28 /* Pods-Playground.release.xcconfig */;
			buildSettings = {
				ASSETCATALOG_COMPILER_APPICON_NAME = AppIcon;
				CURRENT_PROJECT_VERSION = 1;
				DEVELOPMENT_TEAM = 6C6HU52U6Y;
				GENERATE_INFOPLIST_FILE = YES;
				INFOPLIST_FILE = Playground/Info.plist;
				INFOPLIST_KEY_UIApplicationSupportsIndirectInputEvents = YES;
				INFOPLIST_KEY_UILaunchStoryboardName = LaunchScreen;
				INFOPLIST_KEY_UISupportedInterfaceOrientations = UIInterfaceOrientationPortrait;
				INFOPLIST_KEY_UISupportedInterfaceOrientations_iPad = "UIInterfaceOrientationPortrait UIInterfaceOrientationPortraitUpsideDown UIInterfaceOrientationLandscapeLeft UIInterfaceOrientationLandscapeRight";
				INFOPLIST_KEY_UISupportedInterfaceOrientations_iPhone = "UIInterfaceOrientationPortrait UIInterfaceOrientationLandscapeLeft UIInterfaceOrientationLandscapeRight";
				IPHONEOS_DEPLOYMENT_TARGET = 13.0;
				LD_RUNPATH_SEARCH_PATHS = "$(inherited) @executable_path/Frameworks";
				MARKETING_VERSION = 1.0.0;
				MODULE_NAME = ExampleApp;
				PRODUCT_BUNDLE_IDENTIFIER = com.joeypatino.core.playground;
				PRODUCT_NAME = "$(TARGET_NAME)";
				SWIFT_SWIFT3_OBJC_INFERENCE = Default;
				SWIFT_VERSION = 5.0;
			};
			name = Release;
		};
		607FACF31AFB9204008FA782 /* Debug */ = {
			isa = XCBuildConfiguration;
			baseConfigurationReference = 610929AE17619160428A861E /* Pods-Tests.debug.xcconfig */;
			buildSettings = {
				DEVELOPMENT_TEAM = 6C6HU52U6Y;
				FRAMEWORK_SEARCH_PATHS = (
					"$(PLATFORM_DIR)/Developer/Library/Frameworks",
					"$(inherited)",
				);
				GCC_PREPROCESSOR_DEFINITIONS = (
					"DEBUG=1",
					"$(inherited)",
				);
				INFOPLIST_FILE = Tests/Info.plist;
				LD_RUNPATH_SEARCH_PATHS = "$(inherited) @executable_path/Frameworks @loader_path/Frameworks";
				PRODUCT_BUNDLE_IDENTIFIER = "com.joeypatino.core.$(PRODUCT_NAME:rfc1034identifier)";
				PRODUCT_NAME = "$(TARGET_NAME)";
				SWIFT_SWIFT3_OBJC_INFERENCE = Default;
				SWIFT_VERSION = 5.0;
				TEST_HOST = "$(BUILT_PRODUCTS_DIR)/Playground.app/Playground";
			};
			name = Debug;
		};
		607FACF41AFB9204008FA782 /* Release */ = {
			isa = XCBuildConfiguration;
			baseConfigurationReference = 4E22B6CF602A5609A5C05325 /* Pods-Tests.release.xcconfig */;
			buildSettings = {
				DEVELOPMENT_TEAM = 6C6HU52U6Y;
				FRAMEWORK_SEARCH_PATHS = (
					"$(PLATFORM_DIR)/Developer/Library/Frameworks",
					"$(inherited)",
				);
				INFOPLIST_FILE = Tests/Info.plist;
				LD_RUNPATH_SEARCH_PATHS = "$(inherited) @executable_path/Frameworks @loader_path/Frameworks";
				PRODUCT_BUNDLE_IDENTIFIER = "com.joeypatino.core.$(PRODUCT_NAME:rfc1034identifier)";
				PRODUCT_NAME = "$(TARGET_NAME)";
				SWIFT_SWIFT3_OBJC_INFERENCE = Default;
				SWIFT_VERSION = 5.0;
				TEST_HOST = "$(BUILT_PRODUCTS_DIR)/Playground.app/Playground";
			};
			name = Release;
		};
/* End XCBuildConfiguration section */

/* Begin XCConfigurationList section */
		607FACCB1AFB9204008FA782 /* Build configuration list for PBXProject "Core" */ = {
			isa = XCConfigurationList;
			buildConfigurations = (
				607FACED1AFB9204008FA782 /* Debug */,
				607FACEE1AFB9204008FA782 /* Release */,
			);
			defaultConfigurationIsVisible = 0;
			defaultConfigurationName = Release;
		};
		607FACEF1AFB9204008FA782 /* Build configuration list for PBXNativeTarget "Playground" */ = {
			isa = XCConfigurationList;
			buildConfigurations = (
				607FACF01AFB9204008FA782 /* Debug */,
				607FACF11AFB9204008FA782 /* Release */,
			);
			defaultConfigurationIsVisible = 0;
			defaultConfigurationName = Release;
		};
		607FACF21AFB9204008FA782 /* Build configuration list for PBXNativeTarget "Tests" */ = {
			isa = XCConfigurationList;
			buildConfigurations = (
				607FACF31AFB9204008FA782 /* Debug */,
				607FACF41AFB9204008FA782 /* Release */,
			);
			defaultConfigurationIsVisible = 0;
			defaultConfigurationName = Release;
		};
/* End XCConfigurationList section */
	};
	rootObject = 607FACC81AFB9204008FA782 /* Project object */;
}
