PODS:
  - Core (0.2.6):
    - VFCabbage
  - FBSnapshotTestCase (2.1.4):
    - FBSnapshotTestCase/SwiftSupport (= 2.1.4)
  - FBSnapshotTestCase/Core (2.1.4)
  - FBSnapshotTestCase/SwiftSupport (2.1.4):
    - FBSnapshotTestCase/Core
  - VFCabbage (0.5.1)

DEPENDENCIES:
  - Core (from `../`)
  - FBSnapshotTestCase (~> 2.1.4)
  - VFCabbage (from `/Users/joey/Documents/work/onitaps/Cabbage`)

SPEC REPOS:
  trunk:
    - FBSnapshotTestCase

EXTERNAL SOURCES:
  Core:
    :path: "../"
  VFCabbage:
    :path: "/Users/joey/Documents/work/onitaps/Cabbage"

SPEC CHECKSUMS:
  Core: e1372110aa47817fa198a23308cd37ace557e939
  FBSnapshotTestCase: 094f9f314decbabe373b87cc339bea235a63e07a
  VFCabbage: eb7c401e002e66a9f641590f274d9d5a6bfa85e2

PODFILE CHECKSUM: bc1c7b3170578aaed5cb5c4d6d76c8cef96a30d9

COCOAPODS: 1.11.3
